{
  "name": "react-profile",
  "version": "1.0.0",
  "dependencies": {
    "lodash": {
      "version": "3.9.3",
      "from": "lodash@>=3.2.0 <4.0.0",
      "resolved": "https://registry.npmjs.org/lodash/-/lodash-3.9.3.tgz"
    },
    "moment": {
      "version": "2.10.3",
      "from": "moment@>=2.9.0 <3.0.0",
      "resolved": "https://registry.npmjs.org/moment/-/moment-2.10.3.tgz"
    },
    "moment-range": {
      "version": "1.2.0",
      "from": "moment-range@>=1.0.6 <2.0.0",
      "resolved": "https://registry.npmjs.org/moment-range/-/moment-range-1.2.0.tgz"
    },
    "react": {
      "version": "0.12.2",
      "from": "react@>=0.12.2 <0.13.0",
      "dependencies": {
        "envify": {
          "version": "3.4.0",
          "from": "envify@>=3.0.0 <4.0.0",
          "resolved": "https://registry.npmjs.org/envify/-/envify-3.4.0.tgz",
          "dependencies": {
            "through": {
              "version": "2.3.7",
              "from": "through@>=2.3.4 <2.4.0",
              "resolved": "https://registry.npmjs.org/through/-/through-2.3.7.tgz"
            },
            "jstransform": {
              "version": "10.1.0",
              "from": "jstransform@>=10.0.1 <11.0.0",
              "dependencies": {
                "base62": {
                  "version": "0.1.1",
                  "from": "base62@0.1.1"
                },
                "esprima-fb": {
                  "version": "13001.1001.0-dev-harmony-fb",
                  "from": "esprima-fb@13001.1001.0-dev-harmony-fb"
                },
                "source-map": {
                  "version": "0.1.31",
                  "from": "source-map@0.1.31",
                  "dependencies": {
                    "amdefine": {
                      "version": "0.1.1",
                      "from": "amdefine@>=0.0.4",
                      "resolved": "https://registry.npmjs.org/amdefine/-/amdefine-0.1.1.tgz"
                    }
                  }
                }
              }
            }
          }
        }
      }
    },
    "react-chartjs": {
      "version": "0.4.0",
      "from": "react-chartjs@>=0.4.0 <0.5.0"
    },
    "superagent": {
      "version": "0.21.0",
      "from": "superagent@>=0.21.0 <0.22.0",
      "dependencies": {
        "qs": {
          "version": "1.2.0",
          "from": "qs@1.2.0"
        },
        "formidable": {
          "version": "1.0.14",
          "from": "formidable@1.0.14",
          "resolved": "https://registry.npmjs.org/formidable/-/formidable-1.0.14.tgz"
        },
        "mime": {
          "version": "1.2.11",
          "from": "mime@1.2.11"
        },
        "component-emitter": {
          "version": "1.1.2",
          "from": "component-emitter@1.1.2"
        },
        "methods": {
          "version": "1.0.1",
          "from": "methods@1.0.1"
        },
        "cookiejar": {
          "version": "2.0.1",
          "from": "cookiejar@2.0.1"
        },
        "debug": {
          "version": "2.2.0",
          "from": "debug@>=2.0.0 <3.0.0",
          "resolved": "https://registry.npmjs.org/debug/-/debug-2.2.0.tgz",
          "dependencies": {
            "ms": {
              "version": "0.7.1",
              "from": "ms@0.7.1"
            }
          }
        },
        "reduce-component": {
          "version": "1.0.1",
          "from": "reduce-component@1.0.1"
        },
        "extend": {
          "version": "1.2.1",
          "from": "extend@>=1.2.1 <1.3.0"
        },
        "form-data": {
          "version": "0.1.3",
          "from": "form-data@0.1.3",
          "resolved": "https://registry.npmjs.org/form-data/-/form-data-0.1.3.tgz",
          "dependencies": {
            "combined-stream": {
              "version": "0.0.7",
              "from": "combined-stream@>=0.0.4 <0.1.0",
              "dependencies": {
                "delayed-stream": {
                  "version": "0.0.5",
                  "from": "delayed-stream@0.0.5"
                }
              }
            },
            "async": {
              "version": "0.9.2",
              "from": "async@>=0.9.0 <0.10.0",
              "resolved": "https://registry.npmjs.org/async/-/async-0.9.2.tgz"
            }
          }
        },
        "readable-stream": {
          "version": "1.0.27-1",
          "from": "readable-stream@1.0.27-1",
          "resolved": "https://registry.npmjs.org/readable-stream/-/readable-stream-1.0.27-1.tgz",
          "dependencies": {
            "core-util-is": {
              "version": "1.0.1",
              "from": "core-util-is@>=1.0.0 <1.1.0"
            },
            "isarray": {
              "version": "0.0.1",
              "from": "isarray@0.0.1"
            },
            "string_decoder": {
              "version": "0.10.31",
              "from": "string_decoder@>=0.10.0 <0.11.0"
            },
            "inherits": {
              "version": "2.0.1",
              "from": "inherits@>=2.0.1 <2.1.0"
            }
          }
        }
      }
    },
    "flux": {
      "version": "2.0.3",
      "from": "flux@>=2.0.1 <2.1.0",
      "resolved": "https://registry.npmjs.org/flux/-/flux-2.0.3.tgz"
    },
    "object-assign": {
      "version": "2.0.0",
      "from": "object-assign@>=2.0.0 <2.1.0"
    },
    "events": {
      "version": "1.0.2",
      "from": "events@>=1.0.2 <1.1.0"
    },
    "es6-promise": {
      "version": "2.0.1",
      "from": "es6-promise@>=2.0.1 <2.1.0"
    },
    "keymirror": {
      "version": "0.1.1",
      "from": "keymirror@>=0.1.1 <0.2.0"
    },
    "chart.js": {
      "version": "1.0.2",
      "from": "git://github.com/huangp/Chart.js.git",
      "resolved": "git://github.com/huangp/Chart.js.git#065c5d7206aac81acfcd823e7598e49147398649"
    },
    "node-libs-browser": {
      "version": "0.5.2",
      "from": "node-libs-browser@>=0.4.0 <=0.6.0",
      "resolved": "https://registry.npmjs.org/node-libs-browser/-/node-libs-browser-0.5.2.tgz",
      "dependencies": {
        "assert": {
          "version": "1.3.0",
          "from": "assert@>=1.1.1 <2.0.0"
        },
        "browserify-zlib": {
          "version": "0.1.4",
          "from": "browserify-zlib@>=0.1.4 <0.2.0",
          "dependencies": {
            "pako": {
              "version": "0.2.7",
              "from": "pako@>=0.2.0 <0.3.0"
            }
          }
        },
        "buffer": {
          "version": "3.2.2",
          "from": "buffer@>=3.0.3 <4.0.0",
          "resolved": "https://registry.npmjs.org/buffer/-/buffer-3.2.2.tgz",
          "dependencies": {
            "base64-js": {
              "version": "0.0.8",
              "from": "base64-js@0.0.8"
            },
            "ieee754": {
              "version": "1.1.6",
              "from": "ieee754@>=1.1.4 <2.0.0"
            },
            "is-array": {
              "version": "1.0.1",
              "from": "is-array@>=1.0.1 <2.0.0"
            }
          }
        },
        "console-browserify": {
          "version": "1.1.0",
          "from": "console-browserify@>=1.1.0 <2.0.0",
          "dependencies": {
            "date-now": {
              "version": "0.1.4",
              "from": "date-now@>=0.1.4 <0.2.0"
            }
          }
        },
        "constants-browserify": {
          "version": "0.0.1",
          "from": "constants-browserify@0.0.1"
        },
        "crypto-browserify": {
          "version": "3.2.8",
          "from": "crypto-browserify@>=3.2.6 <3.3.0",
          "resolved": "https://registry.npmjs.org/crypto-browserify/-/crypto-browserify-3.2.8.tgz",
          "dependencies": {
            "pbkdf2-compat": {
              "version": "2.0.1",
              "from": "pbkdf2-compat@2.0.1"
            },
            "ripemd160": {
              "version": "0.2.0",
              "from": "ripemd160@0.2.0"
            },
            "sha.js": {
              "version": "2.2.6",
              "from": "sha.js@2.2.6"
            }
          }
        },
        "domain-browser": {
          "version": "1.1.4",
          "from": "domain-browser@>=1.1.1 <2.0.0"
        },
        "http-browserify": {
          "version": "1.7.0",
          "from": "http-browserify@>=1.3.2 <2.0.0",
          "dependencies": {
            "Base64": {
              "version": "0.2.1",
              "from": "Base64@>=0.2.0 <0.3.0"
            },
            "inherits": {
              "version": "2.0.1",
              "from": "inherits@>=2.0.1 <2.1.0"
            }
          }
        },
        "https-browserify": {
          "version": "0.0.0",
          "from": "https-browserify@0.0.0"
        },
        "os-browserify": {
          "version": "0.1.2",
          "from": "os-browserify@>=0.1.2 <0.2.0"
        },
        "path-browserify": {
          "version": "0.0.0",
          "from": "path-browserify@0.0.0"
        },
        "process": {
          "version": "0.11.1",
          "from": "process@>=0.11.0 <0.12.0",
          "resolved": "https://registry.npmjs.org/process/-/process-0.11.1.tgz"
        },
        "punycode": {
          "version": "1.3.2",
          "from": "punycode@>=1.2.4 <2.0.0"
        },
        "querystring-es3": {
          "version": "0.2.1",
          "from": "querystring-es3@>=0.2.0 <0.3.0"
        },
        "readable-stream": {
          "version": "1.1.13",
          "from": "readable-stream@>=1.1.13 <2.0.0",
          "dependencies": {
            "core-util-is": {
              "version": "1.0.1",
              "from": "core-util-is@>=1.0.0 <1.1.0"
            },
            "isarray": {
              "version": "0.0.1",
              "from": "isarray@0.0.1"
            },
            "inherits": {
              "version": "2.0.1",
              "from": "inherits@>=2.0.1 <2.1.0"
            }
          }
        },
        "stream-browserify": {
          "version": "1.0.0",
          "from": "stream-browserify@>=1.0.0 <2.0.0",
          "dependencies": {
            "inherits": {
              "version": "2.0.1",
              "from": "inherits@>=2.0.1 <2.1.0"
            }
          }
        },
        "string_decoder": {
          "version": "0.10.31",
          "from": "string_decoder@>=0.10.25 <0.11.0"
        },
        "timers-browserify": {
          "version": "1.4.1",
          "from": "timers-browserify@>=1.0.1 <2.0.0",
          "resolved": "https://registry.npmjs.org/timers-browserify/-/timers-browserify-1.4.1.tgz"
        },
        "tty-browserify": {
          "version": "0.0.0",
          "from": "tty-browserify@0.0.0"
        },
        "url": {
          "version": "0.10.3",
          "from": "url@>=0.10.1 <0.11.0",
          "resolved": "https://registry.npmjs.org/url/-/url-0.10.3.tgz",
          "dependencies": {
            "querystring": {
              "version": "0.2.0",
              "from": "querystring@0.2.0"
            }
          }
        },
        "util": {
          "version": "0.10.3",
          "from": "util@>=0.10.3 <0.11.0",
          "dependencies": {
            "inherits": {
              "version": "2.0.1",
              "from": "inherits@2.0.1"
            }
          }
        },
        "vm-browserify": {
          "version": "0.0.4",
          "from": "vm-browserify@0.0.4",
          "dependencies": {
            "indexof": {
              "version": "0.0.1",
              "from": "indexof@0.0.1"
            }
          }
        }
      }
    }
  }
}
